
Microsoft Visual Studio Solution File, Format Version 12.00
# Visual Studio Version 16
VisualStudioVersion = 16.0.33423.256
MinimumVisualStudioVersion = 10.0.40219.1
Project("{FAE04EC0-301F-11D3-BF4B-00C04F79EFBC}") = "pruebaGithub", "pruebaGithub.csproj", "{AFF43BFF-1E94-439B-AB6F-BEE683060B23}"
EndProject
Global
	GlobalSection(SolutionConfigurationPlatforms) = preSolution
		Debug|Any CPU = Debug|Any CPU
		Release|Any CPU = Release|Any CPU
	EndGlobalSection
	GlobalSection(ProjectConfigurationPlatforms) = postSolution
		{AFF43BFF-1E94-439B-AB6F-BEE683060B23}.Debug|Any CPU.ActiveCfg = Debug|Any CPU
		{AFF43BFF-1E94-439B-AB6F-BEE683060B23}.Debug|Any CPU.Build.0 = Debug|Any CPU
		{AFF43BFF-1E94-439B-AB6F-BEE683060B23}.Release|Any CPU.ActiveCfg = Release|Any CPU
		{AFF43BFF-1E94-439B-AB6F-BEE683060B23}.Release|Any CPU.Build.0 = Release|Any CPU
	EndGlobalSection
	GlobalSection(SolutionProperties) = preSolution
		HideSolutionNode = FALSE
	EndGlobalSection
	GlobalSection(ExtensibilityGlobals) = postSolution
		SolutionGuid = {BF6431D9-D82B-42B8-AAE5-7E5A16BA8DE6}
	EndGlobalSection
EndGlobal
